
Microsoft Visual Studio Solution File, Format Version 12.00
# Visual Studio Version 16
VisualStudioVersion = 16.0.31613.86
MinimumVisualStudioVersion = 10.0.40219.1
Project("{2150E333-8FDC-42A3-9474-1A3956D46DE8}") = "Services", "Services", "{136B9EA6-67E2-4340-B497-D68C25ED7BD6}"
EndProject
Project("{2150E333-8FDC-42A3-9474-1A3956D46DE8}") = "Catalog", "Catalog", "{62815260-A579-44A7-AFBE-9C0BFD948F59}"
EndProject
Project("{9A19103F-16F7-4668-BE54-9A1E7A4F7556}") = "MT.FreeCourse.Catalog", "Services\Catalog\MT.FreeCourse.Catalog\MT.FreeCourse.Catalog.csproj", "{E508835E-D868-4969-A7BB-AC8245873816}"
EndProject
Project("{2150E333-8FDC-42A3-9474-1A3956D46DE8}") = "Solution Items", "Solution Items", "{B353BED9-97CF-4A7F-B713-83BC1FA0C72E}"
	ProjectSection(SolutionItems) = preProject
		Ports.txt = Ports.txt
	EndProjectSection
EndProject
Project("{2150E333-8FDC-42A3-9474-1A3956D46DE8}") = "Shared", "Shared", "{6FC86577-3470-4328-93EC-0120CE3DE73A}"
EndProject
Project("{9A19103F-16F7-4668-BE54-9A1E7A4F7556}") = "MT.FreeCourse.Shared", "Shared\MT.FreeCourse.Shared\MT.FreeCourse.Shared.csproj", "{F8957E0C-8BD8-458A-A521-8F5100AA4145}"
EndProject
Project("{2150E333-8FDC-42A3-9474-1A3956D46DE8}") = "IdentityServer", "IdentityServer", "{ECF27D70-E27C-4F5C-AC76-9CBEB02A4CBD}"
EndProject
Project("{9A19103F-16F7-4668-BE54-9A1E7A4F7556}") = "MT.FreeCourse.IdentityServer", "IdentityServer\MT.FreeCourse.IdentityServer\MT.FreeCourse.IdentityServer.csproj", "{99601097-42B5-4069-8FEB-528F5C8724C6}"
EndProject
Project("{2150E333-8FDC-42A3-9474-1A3956D46DE8}") = "PhotoStock", "PhotoStock", "{3AC32712-8DC9-489A-8550-69EB20346CE2}"
EndProject
Project("{9A19103F-16F7-4668-BE54-9A1E7A4F7556}") = "MT.FreeCourse.PhotoStock", "Services\PhotoStock\MT.FreeCourse.PhotoStock\MT.FreeCourse.PhotoStock.csproj", "{F98E9CDA-C351-4D9C-94E2-0CAC4A1E88F1}"
EndProject
Project("{2150E333-8FDC-42A3-9474-1A3956D46DE8}") = "Basket", "Basket", "{F512D05C-B15C-44D8-8145-C2523C618C1C}"
EndProject
Project("{9A19103F-16F7-4668-BE54-9A1E7A4F7556}") = "MT.FreeCourse.Basket", "Services\Basket\MT.FreeCourse.Basket\MT.FreeCourse.Basket.csproj", "{AEC8149F-E9D4-47AF-A65C-81B730EBF062}"
EndProject
Project("{2150E333-8FDC-42A3-9474-1A3956D46DE8}") = "Discount", "Discount", "{85B97469-3E30-49CB-AF3A-7331ECC06DE9}"
EndProject
Project("{9A19103F-16F7-4668-BE54-9A1E7A4F7556}") = "MT.FreeCourse.Discount", "Services\Discount\MT.FreeCourse.Discount\MT.FreeCourse.Discount.csproj", "{51659123-68A0-4722-813D-0C3E4117E3F7}"
EndProject
Project("{2150E333-8FDC-42A3-9474-1A3956D46DE8}") = "Order", "Order", "{2902F34F-78CC-47DD-B22D-9B87333F52E0}"
EndProject
Project("{9A19103F-16F7-4668-BE54-9A1E7A4F7556}") = "MT.FreeCourse.Order.API", "Services\Order\MT.FreeCourse.Order.API\MT.FreeCourse.Order.API.csproj", "{3A621F5A-D937-4F64-BDBC-D9A1FF16EFC3}"
EndProject
Project("{9A19103F-16F7-4668-BE54-9A1E7A4F7556}") = "MT.FreeCourse.Order.Application", "Services\Order\MT.FreeCourse.Order.Application\MT.FreeCourse.Order.Application.csproj", "{CD2A10DE-106A-42DE-99CE-517B5022F07A}"
EndProject
Project("{9A19103F-16F7-4668-BE54-9A1E7A4F7556}") = "MT.FreeCourse.Order.Domain", "Services\Order\MT.FreeCourse.Order.Domain\MT.FreeCourse.Order.Domain.csproj", "{91B59754-16EC-499F-BB7D-5251BF6DDD06}"
EndProject
Project("{9A19103F-16F7-4668-BE54-9A1E7A4F7556}") = "MT.FreeCourse.Order.Domain.Core", "Services\Order\MT.FreeCourse.Order.Domain.Core\MT.FreeCourse.Order.Domain.Core.csproj", "{6813D7A8-594B-4B87-9AA9-F20AD4FAB77E}"
EndProject
Project("{9A19103F-16F7-4668-BE54-9A1E7A4F7556}") = "MT.FreeCourse.Order.Infrastructure", "Services\Order\MT.FreeCourse.Order.Infrastructure\MT.FreeCourse.Order.Infrastructure.csproj", "{EB5A86C4-0466-4E61-92DE-1BE34C0F9D13}"
EndProject
Project("{2150E333-8FDC-42A3-9474-1A3956D46DE8}") = "FakePayment", "FakePayment", "{7DCC6C0F-5B42-4146-8C01-307CA3C90916}"
EndProject
Project("{FAE04EC0-301F-11D3-BF4B-00C04F79EFBC}") = "MT.FreeCourse.FakePayment", "Services\FakePayment\MT.FreeCourse.FakePayment\MT.FreeCourse.FakePayment.csproj", "{B32A90D7-8DC3-421D-BF94-93B8407EC6BC}"
EndProject
Global
	GlobalSection(SolutionConfigurationPlatforms) = preSolution
		Debug|Any CPU = Debug|Any CPU
		Release|Any CPU = Release|Any CPU
	EndGlobalSection
	GlobalSection(ProjectConfigurationPlatforms) = postSolution
		{E508835E-D868-4969-A7BB-AC8245873816}.Debug|Any CPU.ActiveCfg = Debug|Any CPU
		{E508835E-D868-4969-A7BB-AC8245873816}.Debug|Any CPU.Build.0 = Debug|Any CPU
		{E508835E-D868-4969-A7BB-AC8245873816}.Release|Any CPU.ActiveCfg = Release|Any CPU
		{E508835E-D868-4969-A7BB-AC8245873816}.Release|Any CPU.Build.0 = Release|Any CPU
		{F8957E0C-8BD8-458A-A521-8F5100AA4145}.Debug|Any CPU.ActiveCfg = Debug|Any CPU
		{F8957E0C-8BD8-458A-A521-8F5100AA4145}.Debug|Any CPU.Build.0 = Debug|Any CPU
		{F8957E0C-8BD8-458A-A521-8F5100AA4145}.Release|Any CPU.ActiveCfg = Release|Any CPU
		{F8957E0C-8BD8-458A-A521-8F5100AA4145}.Release|Any CPU.Build.0 = Release|Any CPU
		{99601097-42B5-4069-8FEB-528F5C8724C6}.Debug|Any CPU.ActiveCfg = Debug|Any CPU
		{99601097-42B5-4069-8FEB-528F5C8724C6}.Debug|Any CPU.Build.0 = Debug|Any CPU
		{99601097-42B5-4069-8FEB-528F5C8724C6}.Release|Any CPU.ActiveCfg = Release|Any CPU
		{99601097-42B5-4069-8FEB-528F5C8724C6}.Release|Any CPU.Build.0 = Release|Any CPU
		{F98E9CDA-C351-4D9C-94E2-0CAC4A1E88F1}.Debug|Any CPU.ActiveCfg = Debug|Any CPU
		{F98E9CDA-C351-4D9C-94E2-0CAC4A1E88F1}.Debug|Any CPU.Build.0 = Debug|Any CPU
		{F98E9CDA-C351-4D9C-94E2-0CAC4A1E88F1}.Release|Any CPU.ActiveCfg = Release|Any CPU
		{F98E9CDA-C351-4D9C-94E2-0CAC4A1E88F1}.Release|Any CPU.Build.0 = Release|Any CPU
		{AEC8149F-E9D4-47AF-A65C-81B730EBF062}.Debug|Any CPU.ActiveCfg = Debug|Any CPU
		{AEC8149F-E9D4-47AF-A65C-81B730EBF062}.Debug|Any CPU.Build.0 = Debug|Any CPU
		{AEC8149F-E9D4-47AF-A65C-81B730EBF062}.Release|Any CPU.ActiveCfg = Release|Any CPU
		{AEC8149F-E9D4-47AF-A65C-81B730EBF062}.Release|Any CPU.Build.0 = Release|Any CPU
		{51659123-68A0-4722-813D-0C3E4117E3F7}.Debug|Any CPU.ActiveCfg = Debug|Any CPU
		{51659123-68A0-4722-813D-0C3E4117E3F7}.Debug|Any CPU.Build.0 = Debug|Any CPU
		{51659123-68A0-4722-813D-0C3E4117E3F7}.Release|Any CPU.ActiveCfg = Release|Any CPU
		{51659123-68A0-4722-813D-0C3E4117E3F7}.Release|Any CPU.Build.0 = Release|Any CPU
		{3A621F5A-D937-4F64-BDBC-D9A1FF16EFC3}.Debug|Any CPU.ActiveCfg = Debug|Any CPU
		{3A621F5A-D937-4F64-BDBC-D9A1FF16EFC3}.Debug|Any CPU.Build.0 = Debug|Any CPU
		{3A621F5A-D937-4F64-BDBC-D9A1FF16EFC3}.Release|Any CPU.ActiveCfg = Release|Any CPU
		{3A621F5A-D937-4F64-BDBC-D9A1FF16EFC3}.Release|Any CPU.Build.0 = Release|Any CPU
		{CD2A10DE-106A-42DE-99CE-517B5022F07A}.Debug|Any CPU.ActiveCfg = Debug|Any CPU
		{CD2A10DE-106A-42DE-99CE-517B5022F07A}.Debug|Any CPU.Build.0 = Debug|Any CPU
		{CD2A10DE-106A-42DE-99CE-517B5022F07A}.Release|Any CPU.ActiveCfg = Release|Any CPU
		{CD2A10DE-106A-42DE-99CE-517B5022F07A}.Release|Any CPU.Build.0 = Release|Any CPU
		{91B59754-16EC-499F-BB7D-5251BF6DDD06}.Debug|Any CPU.ActiveCfg = Debug|Any CPU
		{91B59754-16EC-499F-BB7D-5251BF6DDD06}.Debug|Any CPU.Build.0 = Debug|Any CPU
		{91B59754-16EC-499F-BB7D-5251BF6DDD06}.Release|Any CPU.ActiveCfg = Release|Any CPU
		{91B59754-16EC-499F-BB7D-5251BF6DDD06}.Release|Any CPU.Build.0 = Release|Any CPU
		{6813D7A8-594B-4B87-9AA9-F20AD4FAB77E}.Debug|Any CPU.ActiveCfg = Debug|Any CPU
		{6813D7A8-594B-4B87-9AA9-F20AD4FAB77E}.Debug|Any CPU.Build.0 = Debug|Any CPU
		{6813D7A8-594B-4B87-9AA9-F20AD4FAB77E}.Release|Any CPU.ActiveCfg = Release|Any CPU
		{6813D7A8-594B-4B87-9AA9-F20AD4FAB77E}.Release|Any CPU.Build.0 = Release|Any CPU
		{EB5A86C4-0466-4E61-92DE-1BE34C0F9D13}.Debug|Any CPU.ActiveCfg = Debug|Any CPU
		{EB5A86C4-0466-4E61-92DE-1BE34C0F9D13}.Debug|Any CPU.Build.0 = Debug|Any CPU
		{EB5A86C4-0466-4E61-92DE-1BE34C0F9D13}.Release|Any CPU.ActiveCfg = Release|Any CPU
		{EB5A86C4-0466-4E61-92DE-1BE34C0F9D13}.Release|Any CPU.Build.0 = Release|Any CPU
		{B32A90D7-8DC3-421D-BF94-93B8407EC6BC}.Debug|Any CPU.ActiveCfg = Debug|Any CPU
		{B32A90D7-8DC3-421D-BF94-93B8407EC6BC}.Debug|Any CPU.Build.0 = Debug|Any CPU
		{B32A90D7-8DC3-421D-BF94-93B8407EC6BC}.Release|Any CPU.ActiveCfg = Release|Any CPU
		{B32A90D7-8DC3-421D-BF94-93B8407EC6BC}.Release|Any CPU.Build.0 = Release|Any CPU
	EndGlobalSection
	GlobalSection(SolutionProperties) = preSolution
		HideSolutionNode = FALSE
	EndGlobalSection
	GlobalSection(NestedProjects) = preSolution
		{62815260-A579-44A7-AFBE-9C0BFD948F59} = {136B9EA6-67E2-4340-B497-D68C25ED7BD6}
		{E508835E-D868-4969-A7BB-AC8245873816} = {62815260-A579-44A7-AFBE-9C0BFD948F59}
		{F8957E0C-8BD8-458A-A521-8F5100AA4145} = {6FC86577-3470-4328-93EC-0120CE3DE73A}
		{99601097-42B5-4069-8FEB-528F5C8724C6} = {ECF27D70-E27C-4F5C-AC76-9CBEB02A4CBD}
		{3AC32712-8DC9-489A-8550-69EB20346CE2} = {136B9EA6-67E2-4340-B497-D68C25ED7BD6}
		{F98E9CDA-C351-4D9C-94E2-0CAC4A1E88F1} = {3AC32712-8DC9-489A-8550-69EB20346CE2}
		{F512D05C-B15C-44D8-8145-C2523C618C1C} = {136B9EA6-67E2-4340-B497-D68C25ED7BD6}
		{AEC8149F-E9D4-47AF-A65C-81B730EBF062} = {F512D05C-B15C-44D8-8145-C2523C618C1C}
		{85B97469-3E30-49CB-AF3A-7331ECC06DE9} = {136B9EA6-67E2-4340-B497-D68C25ED7BD6}
		{51659123-68A0-4722-813D-0C3E4117E3F7} = {85B97469-3E30-49CB-AF3A-7331ECC06DE9}
		{2902F34F-78CC-47DD-B22D-9B87333F52E0} = {136B9EA6-67E2-4340-B497-D68C25ED7BD6}
		{3A621F5A-D937-4F64-BDBC-D9A1FF16EFC3} = {2902F34F-78CC-47DD-B22D-9B87333F52E0}
		{CD2A10DE-106A-42DE-99CE-517B5022F07A} = {2902F34F-78CC-47DD-B22D-9B87333F52E0}
		{91B59754-16EC-499F-BB7D-5251BF6DDD06} = {2902F34F-78CC-47DD-B22D-9B87333F52E0}
		{6813D7A8-594B-4B87-9AA9-F20AD4FAB77E} = {2902F34F-78CC-47DD-B22D-9B87333F52E0}
		{EB5A86C4-0466-4E61-92DE-1BE34C0F9D13} = {2902F34F-78CC-47DD-B22D-9B87333F52E0}
		{7DCC6C0F-5B42-4146-8C01-307CA3C90916} = {136B9EA6-67E2-4340-B497-D68C25ED7BD6}
		{B32A90D7-8DC3-421D-BF94-93B8407EC6BC} = {7DCC6C0F-5B42-4146-8C01-307CA3C90916}
	EndGlobalSection
	GlobalSection(ExtensibilityGlobals) = postSolution
		SolutionGuid = {2B19ABC6-F7AF-477E-B854-50D2B7DB8DAB}
	EndGlobalSection
EndGlobal
