
Microsoft Visual Studio Solution File, Format Version 12.00
# Visual Studio Version 16
VisualStudioVersion = 16.0.31613.86
MinimumVisualStudioVersion = 10.0.40219.1
Project("{2150E333-8FDC-42A3-9474-1A3956D46DE8}") = "Services", "Services", "{136B9EA6-67E2-4340-B497-D68C25ED7BD6}"
EndProject
Project("{2150E333-8FDC-42A3-9474-1A3956D46DE8}") = "Catalog", "Catalog", "{62815260-A579-44A7-AFBE-9C0BFD948F59}"
EndProject
Project("{9A19103F-16F7-4668-BE54-9A1E7A4F7556}") = "MT.FreeCourse.Catalog", "Services\Catalog\MT.FreeCourse.Catalog\MT.FreeCourse.Catalog.csproj", "{E508835E-D868-4969-A7BB-AC8245873816}"
EndProject
Project("{2150E333-8FDC-42A3-9474-1A3956D46DE8}") = "Solution Items", "Solution Items", "{B353BED9-97CF-4A7F-B713-83BC1FA0C72E}"
	ProjectSection(SolutionItems) = preProject
		Ports.txt = Ports.txt
	EndProjectSection
EndProject
Project("{2150E333-8FDC-42A3-9474-1A3956D46DE8}") = "Shared", "Shared", "{6FC86577-3470-4328-93EC-0120CE3DE73A}"
EndProject
Project("{9A19103F-16F7-4668-BE54-9A1E7A4F7556}") = "MT.FreeCourse.Shared", "Shared\MT.FreeCourse.Shared\MT.FreeCourse.Shared.csproj", "{F8957E0C-8BD8-458A-A521-8F5100AA4145}"
EndProject
Global
	GlobalSection(SolutionConfigurationPlatforms) = preSolution
		Debug|Any CPU = Debug|Any CPU
		Release|Any CPU = Release|Any CPU
	EndGlobalSection
	GlobalSection(ProjectConfigurationPlatforms) = postSolution
		{E508835E-D868-4969-A7BB-AC8245873816}.Debug|Any CPU.ActiveCfg = Debug|Any CPU
		{E508835E-D868-4969-A7BB-AC8245873816}.Debug|Any CPU.Build.0 = Debug|Any CPU
		{E508835E-D868-4969-A7BB-AC8245873816}.Release|Any CPU.ActiveCfg = Release|Any CPU
		{E508835E-D868-4969-A7BB-AC8245873816}.Release|Any CPU.Build.0 = Release|Any CPU
		{F8957E0C-8BD8-458A-A521-8F5100AA4145}.Debug|Any CPU.ActiveCfg = Debug|Any CPU
		{F8957E0C-8BD8-458A-A521-8F5100AA4145}.Debug|Any CPU.Build.0 = Debug|Any CPU
		{F8957E0C-8BD8-458A-A521-8F5100AA4145}.Release|Any CPU.ActiveCfg = Release|Any CPU
		{F8957E0C-8BD8-458A-A521-8F5100AA4145}.Release|Any CPU.Build.0 = Release|Any CPU
	EndGlobalSection
	GlobalSection(SolutionProperties) = preSolution
		HideSolutionNode = FALSE
	EndGlobalSection
	GlobalSection(NestedProjects) = preSolution
		{62815260-A579-44A7-AFBE-9C0BFD948F59} = {136B9EA6-67E2-4340-B497-D68C25ED7BD6}
		{E508835E-D868-4969-A7BB-AC8245873816} = {62815260-A579-44A7-AFBE-9C0BFD948F59}
		{F8957E0C-8BD8-458A-A521-8F5100AA4145} = {6FC86577-3470-4328-93EC-0120CE3DE73A}
	EndGlobalSection
	GlobalSection(ExtensibilityGlobals) = postSolution
		SolutionGuid = {2B19ABC6-F7AF-477E-B854-50D2B7DB8DAB}
	EndGlobalSection
EndGlobal
